
Microsoft Visual Studio Solution File, Format Version 12.00
# Visual Studio 15
VisualStudioVersion = 15.0.27703.2042
MinimumVisualStudioVersion = 10.0.40219.1
Project("{FAE04EC0-301F-11D3-BF4B-00C04F79EFBC}") = "MusicalGroup.ConsoleApp", "MusicalGroup\MusicalGroup.ConsoleApp.csproj", "{FEE249EF-A4BE-45F0-ACC1-CC50E6B56572}"
EndProject
Project("{FAE04EC0-301F-11D3-BF4B-00C04F79EFBC}") = "MusicalGroup.Models", "MusicalGroup.Models\MusicalGroup.Models.csproj", "{F0F1AB9E-7D1A-4744-91F2-59FED22C4721}"
EndProject
Project("{FAE04EC0-301F-11D3-BF4B-00C04F79EFBC}") = "MusicalGroup.DataAccess", "MusicalGroup.DataAccess\MusicalGroup.DataAccess.csproj", "{28B71494-CC13-4DD2-9684-F6F802A981B2}"
EndProject
Project("{FAE04EC0-301F-11D3-BF4B-00C04F79EFBC}") = "MusicalGroup.Services", "MusicalGroup.Services\MusicalGroup.Services.csproj", "{B399AE44-2784-4CEF-B26D-C9AF0EF90F00}"
EndProject
Project("{FAE04EC0-301F-11D3-BF4B-00C04F79EFBC}") = "MusicalGroup.Services.Abstract", "MusicalGroup.Services.Abstract\MusicalGroup.Services.Abstract.csproj", "{77310301-59DC-4CAA-88EC-AB528CF3CDCA}"
EndProject
Global
	GlobalSection(SolutionConfigurationPlatforms) = preSolution
		Debug|Any CPU = Debug|Any CPU
		Release|Any CPU = Release|Any CPU
	EndGlobalSection
	GlobalSection(ProjectConfigurationPlatforms) = postSolution
		{FEE249EF-A4BE-45F0-ACC1-CC50E6B56572}.Debug|Any CPU.ActiveCfg = Debug|Any CPU
		{FEE249EF-A4BE-45F0-ACC1-CC50E6B56572}.Debug|Any CPU.Build.0 = Debug|Any CPU
		{FEE249EF-A4BE-45F0-ACC1-CC50E6B56572}.Release|Any CPU.ActiveCfg = Release|Any CPU
		{FEE249EF-A4BE-45F0-ACC1-CC50E6B56572}.Release|Any CPU.Build.0 = Release|Any CPU
		{F0F1AB9E-7D1A-4744-91F2-59FED22C4721}.Debug|Any CPU.ActiveCfg = Debug|Any CPU
		{F0F1AB9E-7D1A-4744-91F2-59FED22C4721}.Debug|Any CPU.Build.0 = Debug|Any CPU
		{F0F1AB9E-7D1A-4744-91F2-59FED22C4721}.Release|Any CPU.ActiveCfg = Release|Any CPU
		{F0F1AB9E-7D1A-4744-91F2-59FED22C4721}.Release|Any CPU.Build.0 = Release|Any CPU
		{28B71494-CC13-4DD2-9684-F6F802A981B2}.Debug|Any CPU.ActiveCfg = Debug|Any CPU
		{28B71494-CC13-4DD2-9684-F6F802A981B2}.Debug|Any CPU.Build.0 = Debug|Any CPU
		{28B71494-CC13-4DD2-9684-F6F802A981B2}.Release|Any CPU.ActiveCfg = Release|Any CPU
		{28B71494-CC13-4DD2-9684-F6F802A981B2}.Release|Any CPU.Build.0 = Release|Any CPU
		{B399AE44-2784-4CEF-B26D-C9AF0EF90F00}.Debug|Any CPU.ActiveCfg = Debug|Any CPU
		{B399AE44-2784-4CEF-B26D-C9AF0EF90F00}.Debug|Any CPU.Build.0 = Debug|Any CPU
		{B399AE44-2784-4CEF-B26D-C9AF0EF90F00}.Release|Any CPU.ActiveCfg = Release|Any CPU
		{B399AE44-2784-4CEF-B26D-C9AF0EF90F00}.Release|Any CPU.Build.0 = Release|Any CPU
		{77310301-59DC-4CAA-88EC-AB528CF3CDCA}.Debug|Any CPU.ActiveCfg = Debug|Any CPU
		{77310301-59DC-4CAA-88EC-AB528CF3CDCA}.Debug|Any CPU.Build.0 = Debug|Any CPU
		{77310301-59DC-4CAA-88EC-AB528CF3CDCA}.Release|Any CPU.ActiveCfg = Release|Any CPU
		{77310301-59DC-4CAA-88EC-AB528CF3CDCA}.Release|Any CPU.Build.0 = Release|Any CPU
	EndGlobalSection
	GlobalSection(SolutionProperties) = preSolution
		HideSolutionNode = FALSE
	EndGlobalSection
	GlobalSection(ExtensibilityGlobals) = postSolution
		SolutionGuid = {7E0F42D7-C531-41A8-B3E4-CCF093406A47}
	EndGlobalSection
EndGlobal
